
Microsoft Visual Studio Solution File, Format Version 12.00
# Visual Studio Version 17
VisualStudioVersion = 17.0.32014.148
MinimumVisualStudioVersion = 10.0.40219.1
Project("{FAE04EC0-301F-11D3-BF4B-00C04F79EFBC}") = "SignalR-DB", "SignalR-DB\SignalR-DB.csproj", "{F41BA887-CCAC-4BBC-889D-C03FE2823DA7}"
EndProject
Project("{FAE04EC0-301F-11D3-BF4B-00C04F79EFBC}") = "SignalRFrontEnd", "SignalRFrontEnd\SignalRFrontEnd.csproj", "{6B3D5454-3394-4110-9E06-9AB0BFBEC65C}"
EndProject
Global
	GlobalSection(SolutionConfigurationPlatforms) = preSolution
		Debug|Any CPU = Debug|Any CPU
		Release|Any CPU = Release|Any CPU
	EndGlobalSection
	GlobalSection(ProjectConfigurationPlatforms) = postSolution
		{F41BA887-CCAC-4BBC-889D-C03FE2823DA7}.Debug|Any CPU.ActiveCfg = Debug|Any CPU
		{F41BA887-CCAC-4BBC-889D-C03FE2823DA7}.Debug|Any CPU.Build.0 = Debug|Any CPU
		{F41BA887-CCAC-4BBC-889D-C03FE2823DA7}.Release|Any CPU.ActiveCfg = Release|Any CPU
		{F41BA887-CCAC-4BBC-889D-C03FE2823DA7}.Release|Any CPU.Build.0 = Release|Any CPU
		{6B3D5454-3394-4110-9E06-9AB0BFBEC65C}.Debug|Any CPU.ActiveCfg = Debug|Any CPU
		{6B3D5454-3394-4110-9E06-9AB0BFBEC65C}.Debug|Any CPU.Build.0 = Debug|Any CPU
		{6B3D5454-3394-4110-9E06-9AB0BFBEC65C}.Release|Any CPU.ActiveCfg = Release|Any CPU
		{6B3D5454-3394-4110-9E06-9AB0BFBEC65C}.Release|Any CPU.Build.0 = Release|Any CPU
	EndGlobalSection
	GlobalSection(SolutionProperties) = preSolution
		HideSolutionNode = FALSE
	EndGlobalSection
	GlobalSection(ExtensibilityGlobals) = postSolution
		SolutionGuid = {AFC9348E-165C-46A3-A642-3D7778C1404D}
	EndGlobalSection
EndGlobal
